dependencies:
- name: victoria-metrics-cluster
  repository: https://victoriametrics.github.io/helm-charts/
  version: 0.49.0
- name: victoria-metrics-single
  repository: https://victoriametrics.github.io/helm-charts/
  version: 0.45.0
- name: victoria-metrics-agent
  repository: https://victoriametrics.github.io/helm-charts/
  version: 0.46.0
- name: victoria-metrics-auth
  repository: https://victoriametrics.github.io/helm-charts/
  version: 0.40.0
- name: kube-state-metrics
  repository: https://prometheus-community.github.io/helm-charts
  version: 8.4.0
- name: opentelemetry-collector
  repository: https://open-telemetry.github.io/opentelemetry-helm-charts
  version: 0.170.0
- name: grafana
  repository: https://grafana.github.io/helm-charts
  version: 10.5.15
- name: csi-driver-nfs
  repository: https://raw.githubusercontent.com/kubernetes-csi/csi-driver-nfs/master/charts
  version: 4.13.4
- name: kube-state-graph
  repository: file://../kube-state-graph
  version: 0.1.0
- name: netapp-faker
  repository: file://../netapp-faker
  version: 0.1.0
- name: demo-workloads
  repository: file://../demo-workloads
  version: 0.1.0
- name: nfs-server
  repository: file://../nfs-server
  version: 0.1.0
digest: sha256:f22596c44f8560b4695249abe459fa3c799f4ad1837b5a7a8da7280113c41884
generated: "2026-08-25T21:48:45.862753+08:00"
